
Microsoft Visual Studio Solution File, Format Version 12.00
# Visual Studio Version 17
VisualStudioVersion = 17.11.35312.102
MinimumVisualStudioVersion = 10.0.40219.1
Project("{FAE04EC0-301F-11D3-BF4B-00C04F79EFBC}") = "MauiGraphicsSnapToLine", "MauiGraphicsSnapToLine\MauiGraphicsSnapToLine.csproj", "{0CF50D49-EA8B-458A-9712-7703B2DBB288}"
EndProject
Global
	GlobalSection(SolutionConfigurationPlatforms) = preSolution
		Debug|Any CPU = Debug|Any CPU
		Release|Any CPU = Release|Any CPU
	EndGlobalSection
	GlobalSection(ProjectConfigurationPlatforms) = postSolution
		{0CF50D49-EA8B-458A-9712-7703B2DBB288}.Debug|Any CPU.ActiveCfg = Debug|Any CPU
		{0CF50D49-EA8B-458A-9712-7703B2DBB288}.Debug|Any CPU.Build.0 = Debug|Any CPU
		{0CF50D49-EA8B-458A-9712-7703B2DBB288}.Debug|Any CPU.Deploy.0 = Debug|Any CPU
		{0CF50D49-EA8B-458A-9712-7703B2DBB288}.Release|Any CPU.ActiveCfg = Release|Any CPU
		{0CF50D49-EA8B-458A-9712-7703B2DBB288}.Release|Any CPU.Build.0 = Release|Any CPU
		{0CF50D49-EA8B-458A-9712-7703B2DBB288}.Release|Any CPU.Deploy.0 = Release|Any CPU
	EndGlobalSection
	GlobalSection(SolutionProperties) = preSolution
		HideSolutionNode = FALSE
	EndGlobalSection
	GlobalSection(ExtensibilityGlobals) = postSolution
		SolutionGuid = {063586CF-F9F9-4FDD-AB26-6F2DF6C61879}
	EndGlobalSection
EndGlobal
